// !$*UTF8*$!
{
	archiveVersion = 1;
	classes = {
	};
	objectVersion = 55;
	objects = {

/* Begin PBXBuildFile section */
		4AF1A7BB5024847D42AB2DC6 /* Pods_TaskListRealm.framework in Frameworks */ = {isa = PBXBuildFile; fileRef = 8BC4FED224B423E3A2CC4160 /* Pods_TaskListRealm.framework */; };
		A85CA326286DD61A00A83EAB /* AppDelegate.swift in Sources */ = {isa = PBXBuildFile; fileRef = A85CA325286DD61A00A83EAB /* AppDelegate.swift */; };
		A85CA328286DD61A00A83EAB /* SceneDelegate.swift in Sources */ = {isa = PBXBuildFile; fileRef = A85CA327286DD61A00A83EAB /* SceneDelegate.swift */; };
		A85CA32D286DD61A00A83EAB /* Main.storyboard in Resources */ = {isa = PBXBuildFile; fileRef = A85CA32B286DD61A00A83EAB /* Main.storyboard */; };
		A85CA32F286DD61C00A83EAB /* Assets.xcassets in Resources */ = {isa = PBXBuildFile; fileRef = A85CA32E286DD61C00A83EAB /* Assets.xcassets */; };
		A85CA332286DD61C00A83EAB /* LaunchScreen.storyboard in Resources */ = {isa = PBXBuildFile; fileRef = A85CA330286DD61C00A83EAB /* LaunchScreen.storyboard */; };
		A85CA341286DD8B300A83EAB /* CategoryViewController.swift in Sources */ = {isa = PBXBuildFile; fileRef = A85CA340286DD8B300A83EAB /* CategoryViewController.swift */; };
		A85CA345286DDC4700A83EAB /* TaskListViewController.swift in Sources */ = {isa = PBXBuildFile; fileRef = A85CA344286DDC4700A83EAB /* TaskListViewController.swift */; };
		A85CA348286DE53200A83EAB /* Category.swift in Sources */ = {isa = PBXBuildFile; fileRef = A85CA347286DE53200A83EAB /* Category.swift */; };
		A85CA34A286DEB7100A83EAB /* Task.swift in Sources */ = {isa = PBXBuildFile; fileRef = A85CA349286DEB7100A83EAB /* Task.swift */; };
		A85CA36D2878530B00A83EAB /* CategoryCell.swift in Sources */ = {isa = PBXBuildFile; fileRef = A85CA36B2878530B00A83EAB /* CategoryCell.swift */; };
		A85CA36E2878530B00A83EAB /* CategoryCell.xib in Resources */ = {isa = PBXBuildFile; fileRef = A85CA36C2878530B00A83EAB /* CategoryCell.xib */; };
/* End PBXBuildFile section */

/* Begin PBXFileReference section */
		2FDBF57749B56D55F79C9EFD /* Pods-TaskListRealm.debug.xcconfig */ = {isa = PBXFileReference; includeInIndex = 1; lastKnownFileType = text.xcconfig; name = "Pods-TaskListRealm.debug.xcconfig"; path = "Target Support Files/Pods-TaskListRealm/Pods-TaskListRealm.debug.xcconfig"; sourceTree = "<group>"; };
		8BC4FED224B423E3A2CC4160 /* Pods_TaskListRealm.framework */ = {isa = PBXFileReference; explicitFileType = wrapper.framework; includeInIndex = 0; path = Pods_TaskListRealm.framework; sourceTree = BUILT_PRODUCTS_DIR; };
		A85CA322286DD61A00A83EAB /* TaskListRealm.app */ = {isa = PBXFileReference; explicitFileType = wrapper.application; includeInIndex = 0; path = TaskListRealm.app; sourceTree = BUILT_PRODUCTS_DIR; };
		A85CA325286DD61A00A83EAB /* AppDelegate.swift */ = {isa = PBXFileReference; lastKnownFileType = sourcecode.swift; path = AppDelegate.swift; sourceTree = "<group>"; };
		A85CA327286DD61A00A83EAB /* SceneDelegate.swift */ = {isa = PBXFileReference; lastKnownFileType = sourcecode.swift; path = SceneDelegate.swift; sourceTree = "<group>"; };
		A85CA32C286DD61A00A83EAB /* Base */ = {isa = PBXFileReference; lastKnownFileType = file.storyboard; name = Base; path = Base.lproj/Main.storyboard; sourceTree = "<group>"; };
		A85CA32E286DD61C00A83EAB /* Assets.xcassets */ = {isa = PBXFileReference; lastKnownFileType = folder.assetcatalog; path = Assets.xcassets; sourceTree = "<group>"; };
		A85CA331286DD61C00A83EAB /* Base */ = {isa = PBXFileReference; lastKnownFileType = file.storyboard; name = Base; path = Base.lproj/LaunchScreen.storyboard; sourceTree = "<group>"; };
		A85CA333286DD61C00A83EAB /* Info.plist */ = {isa = PBXFileReference; lastKnownFileType = text.plist.xml; path = Info.plist; sourceTree = "<group>"; };
		A85CA340286DD8B300A83EAB /* CategoryViewController.swift */ = {isa = PBXFileReference; lastKnownFileType = sourcecode.swift; path = CategoryViewController.swift; sourceTree = "<group>"; };
		A85CA344286DDC4700A83EAB /* TaskListViewController.swift */ = {isa = PBXFileReference; lastKnownFileType = sourcecode.swift; path = TaskListViewController.swift; sourceTree = "<group>"; };
		A85CA347286DE53200A83EAB /* Category.swift */ = {isa = PBXFileReference; lastKnownFileType = sourcecode.swift; path = Category.swift; sourceTree = "<group>"; };
		A85CA349286DEB7100A83EAB /* Task.swift */ = {isa = PBXFileReference; lastKnownFileType = sourcecode.swift; path = Task.swift; sourceTree = "<group>"; };
		A85CA36B2878530B00A83EAB /* CategoryCell.swift */ = {isa = PBXFileReference; lastKnownFileType = sourcecode.swift; path = CategoryCell.swift; sourceTree = "<group>"; };
		A85CA36C2878530B00A83EAB /* CategoryCell.xib */ = {isa = PBXFileReference; lastKnownFileType = file.xib; path = CategoryCell.xib; sourceTree = "<group>"; };
		E1DAE0CA375EDA0D046F2E5F /* Pods-TaskListRealm.release.xcconfig */ = {isa = PBXFileReference; includeInIndex = 1; lastKnownFileType = text.xcconfig; name = "Pods-TaskListRealm.release.xcconfig"; path = "Target Support Files/Pods-TaskListRealm/Pods-TaskListRealm.release.xcconfig"; sourceTree = "<group>"; };
/* End PBXFileReference section */

/* Begin PBXFrameworksBuildPhase section */
		A85CA31F286DD61A00A83EAB /* Frameworks */ = {
			isa = PBXFrameworksBuildPhase;
			buildActionMask = 2147483647;
			files = (
				4AF1A7BB5024847D42AB2DC6 /* Pods_TaskListRealm.framework in Frameworks */,
			);
			runOnlyForDeploymentPostprocessing = 0;
		};
/* End PBXFrameworksBuildPhase section */

/* Begin PBXGroup section */
		53F27385BF3F611BB22C54F9 /* Frameworks */ = {
			isa = PBXGroup;
			children = (
				8BC4FED224B423E3A2CC4160 /* Pods_TaskListRealm.framework */,
			);
			name = Frameworks;
			sourceTree = "<group>";
		};
		9A6F8190D6A86F71162E29D4 /* Pods */ = {
			isa = PBXGroup;
			children = (
				2FDBF57749B56D55F79C9EFD /* Pods-TaskListRealm.debug.xcconfig */,
				E1DAE0CA375EDA0D046F2E5F /* Pods-TaskListRealm.release.xcconfig */,
			);
			path = Pods;
			sourceTree = "<group>";
		};
		A85CA319286DD61A00A83EAB = {
			isa = PBXGroup;
			children = (
				A85CA324286DD61A00A83EAB /* TaskListRealm */,
				A85CA323286DD61A00A83EAB /* Products */,
				9A6F8190D6A86F71162E29D4 /* Pods */,
				53F27385BF3F611BB22C54F9 /* Frameworks */,
			);
			sourceTree = "<group>";
		};
		A85CA323286DD61A00A83EAB /* Products */ = {
			isa = PBXGroup;
			children = (
				A85CA322286DD61A00A83EAB /* TaskListRealm.app */,
			);
			name = Products;
			sourceTree = "<group>";
		};
		A85CA324286DD61A00A83EAB /* TaskListRealm */ = {
			isa = PBXGroup;
			children = (
				A85CA325286DD61A00A83EAB /* AppDelegate.swift */,
				A85CA327286DD61A00A83EAB /* SceneDelegate.swift */,
				A85CA346286DE50100A83EAB /* Model */,
				A85CA339286DD6A900A83EAB /* View */,
				A85CA342286DD8BD00A83EAB /* Controller */,
				A85CA32E286DD61C00A83EAB /* Assets.xcassets */,
				A85CA330286DD61C00A83EAB /* LaunchScreen.storyboard */,
				A85CA333286DD61C00A83EAB /* Info.plist */,
			);
			path = TaskListRealm;
			sourceTree = "<group>";
		};
		A85CA339286DD6A900A83EAB /* View */ = {
			isa = PBXGroup;
			children = (
				A85CA32B286DD61A00A83EAB /* Main.storyboard */,
				A85CA36B2878530B00A83EAB /* CategoryCell.swift */,
				A85CA36C2878530B00A83EAB /* CategoryCell.xib */,
			);
			path = View;
			sourceTree = "<group>";
		};
		A85CA342286DD8BD00A83EAB /* Controller */ = {
			isa = PBXGroup;
			children = (
				A85CA340286DD8B300A83EAB /* CategoryViewController.swift */,
				A85CA344286DDC4700A83EAB /* TaskListViewController.swift */,
			);
			path = Controller;
			sourceTree = "<group>";
		};
		A85CA346286DE50100A83EAB /* Model */ = {
			isa = PBXGroup;
			children = (
				A85CA347286DE53200A83EAB /* Category.swift */,
				A85CA349286DEB7100A83EAB /* Task.swift */,
			);
			path = Model;
			sourceTree = "<group>";
		};
/* End PBXGroup section */

/* Begin PBXNativeTarget section */
		A85CA321286DD61A00A83EAB /* TaskListRealm */ = {
			isa = PBXNativeTarget;
			buildConfigurationList = A85CA336286DD61C00A83EAB /* Build configuration list for PBXNativeTarget "TaskListRealm" */;
			buildPhases = (
				58146029FA42382FB658C6AE /* [CP] Check Pods Manifest.lock */,
				A85CA31E286DD61A00A83EAB /* Sources */,
				A85CA31F286DD61A00A83EAB /* Frameworks */,
				A85CA320286DD61A00A83EAB /* Resources */,
				9A0A1393C97D3D60F4616266 /* [CP] Embed Pods Frameworks */,
			);
			buildRules = (
			);
			dependencies = (
			);
			name = TaskListRealm;
			productName = TaskListRealm;
			productReference = A85CA322286DD61A00A83EAB /* TaskListRealm.app */;
			productType = "com.apple.product-type.application";
		};
/* End PBXNativeTarget section */

/* Begin PBXProject section */
		A85CA31A286DD61A00A83EAB /* Project object */ = {
			isa = PBXProject;
			attributes = {
				BuildIndependentTargetsInParallel = 1;
				LastSwiftUpdateCheck = 1340;
				LastUpgradeCheck = 1340;
				TargetAttributes = {
					A85CA321286DD61A00A83EAB = {
						CreatedOnToolsVersion = 13.4.1;
					};
				};
			};
			buildConfigurationList = A85CA31D286DD61A00A83EAB /* Build configuration list for PBXProject "TaskListRealm" */;
			compatibilityVersion = "Xcode 13.0";
			developmentRegion = en;
			hasScannedForEncodings = 0;
			knownRegions = (
				en,
				Base,
			);
			mainGroup = A85CA319286DD61A00A83EAB;
			productRefGroup = A85CA323286DD61A00A83EAB /* Products */;
			projectDirPath = "";
			projectRoot = "";
			targets = (
				A85CA321286DD61A00A83EAB /* TaskListRealm */,
			);
		};
/* End PBXProject section */

/* Begin PBXResourcesBuildPhase section */
		A85CA320286DD61A00A83EAB /* Resources */ = {
			isa = PBXResourcesBuildPhase;
			buildActionMask = 2147483647;
			files = (
				A85CA332286DD61C00A83EAB /* LaunchScreen.storyboard in Resources */,
				A85CA32F286DD61C00A83EAB /* Assets.xcassets in Resources */,
				A85CA32D286DD61A00A83EAB /* Main.storyboard in Resources */,
				A85CA36E2878530B00A83EAB /* CategoryCell.xib in Resources */,
			);
			runOnlyForDeploymentPostprocessing = 0;
		};
/* End PBXResourcesBuildPhase section */

/* Begin PBXShellScriptBuildPhase section */
		58146029FA42382FB658C6AE /* [CP] Check Pods Manifest.lock */ = {
			isa = PBXShellScriptBuildPhase;
			buildActionMask = 2147483647;
			files = (
			);
			inputFileListPaths = (
			);
			inputPaths = (
				"${PODS_PODFILE_DIR_PATH}/Podfile.lock",
				"${PODS_ROOT}/Manifest.lock",
			);
			name = "[CP] Check Pods Manifest.lock";
			outputFileListPaths = (
			);
			outputPaths = (
				"$(DERIVED_FILE_DIR)/Pods-TaskListRealm-checkManifestLockResult.txt",
			);
			runOnlyForDeploymentPostprocessing = 0;
			shellPath = /bin/sh;
			shellScript = "diff \"${PODS_PODFILE_DIR_PATH}/Podfile.lock\" \"${PODS_ROOT}/Manifest.lock\" > /dev/null\nif [ $? != 0 ] ; then\n    # print error to STDERR\n    echo \"error: The sandbox is not in sync with the Podfile.lock. Run 'pod install' or update your CocoaPods installation.\" >&2\n    exit 1\nfi\n# This output is used by Xcode 'outputs' to avoid re-running this script phase.\necho \"SUCCESS\" > \"${SCRIPT_OUTPUT_FILE_0}\"\n";
			showEnvVarsInLog = 0;
		};
		9A0A1393C97D3D60F4616266 /* [CP] Embed Pods Frameworks */ = {
			isa = PBXShellScriptBuildPhase;
			buildActionMask = 2147483647;
			files = (
			);
			inputFileListPaths = (
				"${PODS_ROOT}/Target Support Files/Pods-TaskListRealm/Pods-TaskListRealm-frameworks-${CONFIGURATION}-input-files.xcfilelist",
			);
			name = "[CP] Embed Pods Frameworks";
			outputFileListPaths = (
				"${PODS_ROOT}/Target Support Files/Pods-TaskListRealm/Pods-TaskListRealm-frameworks-${CONFIGURATION}-output-files.xcfilelist",
			);
			runOnlyForDeploymentPostprocessing = 0;
			shellPath = /bin/sh;
			shellScript = "\"${PODS_ROOT}/Target Support Files/Pods-TaskListRealm/Pods-TaskListRealm-frameworks.sh\"\n";
			showEnvVarsInLog = 0;
		};
/* End PBXShellScriptBuildPhase section */

/* Begin PBXSourcesBuildPhase section */
		A85CA31E286DD61A00A83EAB /* Sources */ = {
			isa = PBXSourcesBuildPhase;
			buildActionMask = 2147483647;
			files = (
				A85CA326286DD61A00A83EAB /* AppDelegate.swift in Sources */,
				A85CA348286DE53200A83EAB /* Category.swift in Sources */,
				A85CA345286DDC4700A83EAB /* TaskListViewController.swift in Sources */,
				A85CA36D2878530B00A83EAB /* CategoryCell.swift in Sources */,
				A85CA341286DD8B300A83EAB /* CategoryViewController.swift in Sources */,
				A85CA34A286DEB7100A83EAB /* Task.swift in Sources */,
				A85CA328286DD61A00A83EAB /* SceneDelegate.swift in Sources */,
			);
			runOnlyForDeploymentPostprocessing = 0;
		};
/* End PBXSourcesBuildPhase section */

/* Begin PBXVariantGroup section */
		A85CA32B286DD61A00A83EAB /* Main.storyboard */ = {
			isa = PBXVariantGroup;
			children = (
				A85CA32C286DD61A00A83EAB /* Base */,
			);
			name = Main.storyboard;
			sourceTree = "<group>";
		};
		A85CA330286DD61C00A83EAB /* LaunchScreen.storyboard */ = {
			isa = PBXVariantGroup;
			children = (
				A85CA331286DD61C00A83EAB /* Base */,
			);
			name = LaunchScreen.storyboard;
			sourceTree = "<group>";
		};
/* End PBXVariantGroup section */

/* Begin XCBuildConfiguration section */
		A85CA334286DD61C00A83EAB /* Debug */ = {
			isa = XCBuildConfiguration;
			buildSettings = {
				ALWAYS_SEARCH_USER_PATHS = NO;
				CLANG_ANALYZER_NONNULL = YES;
				CLANG_ANALYZER_NUMBER_OBJECT_CONVERSION = YES_AGGRESSIVE;
				CLANG_CXX_LANGUAGE_STANDARD = "gnu++17";
				CLANG_ENABLE_MODULES = YES;
				CLANG_ENABLE_OBJC_ARC = YES;
				CLANG_ENABLE_OBJC_WEAK = YES;
				CLANG_WARN_BLOCK_CAPTURE_AUTORELEASING = YES;
				CLANG_WARN_BOOL_CONVERSION = YES;
				CLANG_WARN_COMMA = YES;
				CLANG_WARN_CONSTANT_CONVERSION = YES;
				CLANG_WARN_DEPRECATED_OBJC_IMPLEMENTATIONS = YES;
				CLANG_WARN_DIRECT_OBJC_ISA_USAGE = YES_ERROR;
				CLANG_WARN_DOCUMENTATION_COMMENTS = YES;
				CLANG_WARN_EMPTY_BODY = YES;
				CLANG_WARN_ENUM_CONVERSION = YES;
				CLANG_WARN_INFINITE_RECURSION = YES;
				CLANG_WARN_INT_CONVERSION = YES;
				CLANG_WARN_NON_LITERAL_NULL_CONVERSION = YES;
				CLANG_WARN_OBJC_IMPLICIT_RETAIN_SELF = YES;
				CLANG_WARN_OBJC_LITERAL_CONVERSION = YES;
				CLANG_WARN_OBJC_ROOT_CLASS = YES_ERROR;
				CLANG_WARN_QUOTED_INCLUDE_IN_FRAMEWORK_HEADER = YES;
				CLANG_WARN_RANGE_LOOP_ANALYSIS = YES;
				CLANG_WARN_STRICT_PROTOTYPES = YES;
				CLANG_WARN_SUSPICIOUS_MOVE = YES;
				CLANG_WARN_UNGUARDED_AVAILABILITY = YES_AGGRESSIVE;
				CLANG_WARN_UNREACHABLE_CODE = YES;
				CLANG_WARN__DUPLICATE_METHOD_MATCH = YES;
				COPY_PHASE_STRIP = NO;
				DEBUG_INFORMATION_FORMAT = dwarf;
				ENABLE_STRICT_OBJC_MSGSEND = YES;
				ENABLE_TESTABILITY = YES;
				GCC_C_LANGUAGE_STANDARD = gnu11;
				GCC_DYNAMIC_NO_PIC = NO;
				GCC_NO_COMMON_BLOCKS = YES;
				GCC_OPTIMIZATION_LEVEL = 0;
				GCC_PREPROCESSOR_DEFINITIONS = (
					"DEBUG=1",
					"$(inherited)",
				);
				GCC_WARN_64_TO_32_BIT_CONVERSION = YES;
				GCC_WARN_ABOUT_RETURN_TYPE = YES_ERROR;
				GCC_WARN_UNDECLARED_SELECTOR = YES;
				GCC_WARN_UNINITIALIZED_AUTOS = YES_AGGRESSIVE;
				GCC_WARN_UNUSED_FUNCTION = YES;
				GCC_WARN_UNUSED_VARIABLE = YES;
				IPHONEOS_DEPLOYMENT_TARGET = 15.5;
				MTL_ENABLE_DEBUG_INFO = INCLUDE_SOURCE;
				MTL_FAST_MATH = YES;
				ONLY_ACTIVE_ARCH = YES;
				SDKROOT = iphoneos;
				SWIFT_ACTIVE_COMPILATION_CONDITIONS = DEBUG;
				SWIFT_OPTIMIZATION_LEVEL = "-Onone";
			};
			name = Debug;
		};
		A85CA335286DD61C00A83EAB /* Release */ = {
			isa = XCBuildConfiguration;
			buildSettings = {
				ALWAYS_SEARCH_USER_PATHS = NO;
				CLANG_ANALYZER_NONNULL = YES;
				CLANG_ANALYZER_NUMBER_OBJECT_CONVERSION = YES_AGGRESSIVE;
				CLANG_CXX_LANGUAGE_STANDARD = "gnu++17";
				CLANG_ENABLE_MODULES = YES;
				CLANG_ENABLE_OBJC_ARC = YES;
				CLANG_ENABLE_OBJC_WEAK = YES;
				CLANG_WARN_BLOCK_CAPTURE_AUTORELEASING = YES;
				CLANG_WARN_BOOL_CONVERSION = YES;
				CLANG_WARN_COMMA = YES;
				CLANG_WARN_CONSTANT_CONVERSION = YES;
				CLANG_WARN_DEPRECATED_OBJC_IMPLEMENTATIONS = YES;
				CLANG_WARN_DIRECT_OBJC_ISA_USAGE = YES_ERROR;
				CLANG_WARN_DOCUMENTATION_COMMENTS = YES;
				CLANG_WARN_EMPTY_BODY = YES;
				CLANG_WARN_ENUM_CONVERSION = YES;
				CLANG_WARN_INFINITE_RECURSION = YES;
				CLANG_WARN_INT_CONVERSION = YES;
				CLANG_WARN_NON_LITERAL_NULL_CONVERSION = YES;
				CLANG_WARN_OBJC_IMPLICIT_RETAIN_SELF = YES;
				CLANG_WARN_OBJC_LITERAL_CONVERSION = YES;
				CLANG_WARN_OBJC_ROOT_CLASS = YES_ERROR;
				CLANG_WARN_QUOTED_INCLUDE_IN_FRAMEWORK_HEADER = YES;
				CLANG_WARN_RANGE_LOOP_ANALYSIS = YES;
				CLANG_WARN_STRICT_PROTOTYPES = YES;
				CLANG_WARN_SUSPICIOUS_MOVE = YES;
				CLANG_WARN_UNGUARDED_AVAILABILITY = YES_AGGRESSIVE;
				CLANG_WARN_UNREACHABLE_CODE = YES;
				CLANG_WARN__DUPLICATE_METHOD_MATCH = YES;
				COPY_PHASE_STRIP = NO;
				DEBUG_INFORMATION_FORMAT = "dwarf-with-dsym";
				ENABLE_NS_ASSERTIONS = NO;
				ENABLE_STRICT_OBJC_MSGSEND = YES;
				GCC_C_LANGUAGE_STANDARD = gnu11;
				GCC_NO_COMMON_BLOCKS = YES;
				GCC_WARN_64_TO_32_BIT_CONVERSION = YES;
				GCC_WARN_ABOUT_RETURN_TYPE = YES_ERROR;
				GCC_WARN_UNDECLARED_SELECTOR = YES;
				GCC_WARN_UNINITIALIZED_AUTOS = YES_AGGRESSIVE;
				GCC_WARN_UNUSED_FUNCTION = YES;
				GCC_WARN_UNUSED_VARIABLE = YES;
				IPHONEOS_DEPLOYMENT_TARGET = 15.5;
				MTL_ENABLE_DEBUG_INFO = NO;
				MTL_FAST_MATH = YES;
				SDKROOT = iphoneos;
				SWIFT_COMPILATION_MODE = wholemodule;
				SWIFT_OPTIMIZATION_LEVEL = "-O";
				VALIDATE_PRODUCT = YES;
			};
			name = Release;
		};
		A85CA337286DD61C00A83EAB /* Debug */ = {
			isa = XCBuildConfiguration;
			baseConfigurationReference = 2FDBF57749B56D55F79C9EFD /* Pods-TaskListRealm.debug.xcconfig */;
			buildSettings = {
				ASSETCATALOG_COMPILER_APPICON_NAME = AppIcon;
				ASSETCATALOG_COMPILER_GLOBAL_ACCENT_COLOR_NAME = AccentColor;
				CODE_SIGN_STYLE = Automatic;
				CURRENT_PROJECT_VERSION = 1;
				DEVELOPMENT_TEAM = 9Y45VAY56A;
				GENERATE_INFOPLIST_FILE = YES;
				INFOPLIST_FILE = TaskListRealm/Info.plist;
				INFOPLIST_KEY_UIApplicationSupportsIndirectInputEvents = YES;
				INFOPLIST_KEY_UILaunchStoryboardName = LaunchScreen;
				INFOPLIST_KEY_UIMainStoryboardFile = Main;
				INFOPLIST_KEY_UISupportedInterfaceOrientations_iPad = "UIInterfaceOrientationPortrait UIInterfaceOrientationPortraitUpsideDown UIInterfaceOrientationLandscapeLeft UIInterfaceOrientationLandscapeRight";
				INFOPLIST_KEY_UISupportedInterfaceOrientations_iPhone = "UIInterfaceOrientationPortrait UIInterfaceOrientationLandscapeLeft UIInterfaceOrientationLandscapeRight";
				LD_RUNPATH_SEARCH_PATHS = (
					"$(inherited)",
					"@executable_path/Frameworks",
				);
				MARKETING_VERSION = 1.0;
				PRODUCT_BUNDLE_IDENTIFIER = AlexandraMatveeva.TaskListRealm;
				PRODUCT_NAME = "$(TARGET_NAME)";
				SWIFT_EMIT_LOC_STRINGS = YES;
				SWIFT_VERSION = 5.0;
				TARGETED_DEVICE_FAMILY = "1,2";
			};
			name = Debug;
		};
		A85CA338286DD61C00A83EAB /* Release */ = {
			isa = XCBuildConfiguration;
			baseConfigurationReference = E1DAE0CA375EDA0D046F2E5F /* Pods-TaskListRealm.release.xcconfig */;
			buildSettings = {
				ASSETCATALOG_COMPILER_APPICON_NAME = AppIcon;
				ASSETCATALOG_COMPILER_GLOBAL_ACCENT_COLOR_NAME = AccentColor;
				CODE_SIGN_STYLE = Automatic;
				CURRENT_PROJECT_VERSION = 1;
				DEVELOPMENT_TEAM = 9Y45VAY56A;
				GENERATE_INFOPLIST_FILE = YES;
				INFOPLIST_FILE = TaskListRealm/Info.plist;
				INFOPLIST_KEY_UIApplicationSupportsIndirectInputEvents = YES;
				INFOPLIST_KEY_UILaunchStoryboardName = LaunchScreen;
				INFOPLIST_KEY_UIMainStoryboardFile = Main;
				INFOPLIST_KEY_UISupportedInterfaceOrientations_iPad = "UIInterfaceOrientationPortrait UIInterfaceOrientationPortraitUpsideDown UIInterfaceOrientationLandscapeLeft UIInterfaceOrientationLandscapeRight";
				INFOPLIST_KEY_UISupportedInterfaceOrientations_iPhone = "UIInterfaceOrientationPortrait UIInterfaceOrientationLandscapeLeft UIInterfaceOrientationLandscapeRight";
				LD_RUNPATH_SEARCH_PATHS = (
					"$(inherited)",
					"@executable_path/Frameworks",
				);
				MARKETING_VERSION = 1.0;
				PRODUCT_BUNDLE_IDENTIFIER = AlexandraMatveeva.TaskListRealm;
				PRODUCT_NAME = "$(TARGET_NAME)";
				SWIFT_EMIT_LOC_STRINGS = YES;
				SWIFT_VERSION = 5.0;
				TARGETED_DEVICE_FAMILY = "1,2";
			};
			name = Release;
		};
/* End XCBuildConfiguration section */

/* Begin XCConfigurationList section */
		A85CA31D286DD61A00A83EAB /* Build configuration list for PBXProject "TaskListRealm" */ = {
			isa = XCConfigurationList;
			buildConfigurations = (
				A85CA334286DD61C00A83EAB /* Debug */,
				A85CA335286DD61C00A83EAB /* Release */,
			);
			defaultConfigurationIsVisible = 0;
			defaultConfigurationName = Release;
		};
		A85CA336286DD61C00A83EAB /* Build configuration list for PBXNativeTarget "TaskListRealm" */ = {
			isa = XCConfigurationList;
			buildConfigurations = (
				A85CA337286DD61C00A83EAB /* Debug */,
				A85CA338286DD61C00A83EAB /* Release */,
			);
			defaultConfigurationIsVisible = 0;
			defaultConfigurationName = Release;
		};
/* End XCConfigurationList section */
	};
	rootObject = A85CA31A286DD61A00A83EAB /* Project object */;
}
